// !$*UTF8*$!
{
	archiveVersion = 1;
	classes = {
	};
	objectVersion = 46;
	objects = {

/* Begin PBXBuildFile section */
		845A86311B6B60C400B45169 /* main.m in Sources */ = {isa = PBXBuildFile; fileRef = 845A86301B6B60C400B45169 /* main.m */; };
		845A86341B6B60C400B45169 /* AppDelegate.m in Sources */ = {isa = PBXBuildFile; fileRef = 845A86331B6B60C400B45169 /* AppDelegate.m */; };
		845A863D1B6B60C400B45169 /* Main.storyboard in Resources */ = {isa = PBXBuildFile; fileRef = 845A863B1B6B60C400B45169 /* Main.storyboard */; };
		845A863F1B6B60C400B45169 /* Images.xcassets in Resources */ = {isa = PBXBuildFile; fileRef = 845A863E1B6B60C400B45169 /* Images.xcassets */; };
		845A86421B6B60C400B45169 /* LaunchScreen.xib in Resources */ = {isa = PBXBuildFile; fileRef = 845A86401B6B60C400B45169 /* LaunchScreen.xib */; };
		E0A719081B6BBB9B004ACA90 /* DSLThing.m in Sources */ = {isa = PBXBuildFile; fileRef = E0A718F31B6BBB9B004ACA90 /* DSLThing.m */; };
		E0A719091B6BBB9B004ACA90 /* DSLFirstToSecondTransition.m in Sources */ = {isa = PBXBuildFile; fileRef = E0A718F61B6BBB9B004ACA90 /* DSLFirstToSecondTransition.m */; };
		E0A7190A1B6BBB9B004ACA90 /* DSLSecondToFirstTransition.m in Sources */ = {isa = PBXBuildFile; fileRef = E0A718F81B6BBB9B004ACA90 /* DSLSecondToFirstTransition.m */; };
		E0A7190B1B6BBB9B004ACA90 /* DSLSecondToThirdTransition.m in Sources */ = {isa = PBXBuildFile; fileRef = E0A718FA1B6BBB9B004ACA90 /* DSLSecondToThirdTransition.m */; };
		E0A7190C1B6BBB9B004ACA90 /* DSLThirdToSecondTransition.m in Sources */ = {isa = PBXBuildFile; fileRef = E0A718FC1B6BBB9B004ACA90 /* DSLThirdToSecondTransition.m */; };
		E0A7190D1B6BBB9B004ACA90 /* DSLFirstViewController.m in Sources */ = {isa = PBXBuildFile; fileRef = E0A718FF1B6BBB9B004ACA90 /* DSLFirstViewController.m */; };
		E0A7190E1B6BBB9B004ACA90 /* DSLSecondViewController.m in Sources */ = {isa = PBXBuildFile; fileRef = E0A719011B6BBB9B004ACA90 /* DSLSecondViewController.m */; };
		E0A7190F1B6BBB9B004ACA90 /* DSLThirdViewController.m in Sources */ = {isa = PBXBuildFile; fileRef = E0A719031B6BBB9B004ACA90 /* DSLThirdViewController.m */; };
		E0A719101B6BBB9B004ACA90 /* DSLThingCell.m in Sources */ = {isa = PBXBuildFile; fileRef = E0A719071B6BBB9B004ACA90 /* DSLThingCell.m */; };
/* End PBXBuildFile section */

/* Begin PBXFileReference section */
		845A862B1B6B60C400B45169 /* LittleSheepAnimation.app */ = {isa = PBXFileReference; explicitFileType = wrapper.application; includeInIndex = 0; path = LittleSheepAnimation.app; sourceTree = BUILT_PRODUCTS_DIR; };
		845A862F1B6B60C400B45169 /* Info.plist */ = {isa = PBXFileReference; lastKnownFileType = text.plist.xml; path = Info.plist; sourceTree = "<group>"; };
		845A86301B6B60C400B45169 /* main.m */ = {isa = PBXFileReference; lastKnownFileType = sourcecode.c.objc; path = main.m; sourceTree = "<group>"; };
		845A86321B6B60C400B45169 /* AppDelegate.h */ = {isa = PBXFileReference; lastKnownFileType = sourcecode.c.h; path = AppDelegate.h; sourceTree = "<group>"; };
		845A86331B6B60C400B45169 /* AppDelegate.m */ = {isa = PBXFileReference; lastKnownFileType = sourcecode.c.objc; path = AppDelegate.m; sourceTree = "<group>"; };
		845A863C1B6B60C400B45169 /* Base */ = {isa = PBXFileReference; lastKnownFileType = file.storyboard; name = Base; path = Base.lproj/Main.storyboard; sourceTree = "<group>"; };
		845A863E1B6B60C400B45169 /* Images.xcassets */ = {isa = PBXFileReference; lastKnownFileType = folder.assetcatalog; path = Images.xcassets; sourceTree = "<group>"; };
		845A86411B6B60C400B45169 /* Base */ = {isa = PBXFileReference; lastKnownFileType = file.xib; name = Base; path = Base.lproj/LaunchScreen.xib; sourceTree = "<group>"; };
		E0A718F21B6BBB9B004ACA90 /* DSLThing.h */ = {isa = PBXFileReference; fileEncoding = 4; lastKnownFileType = sourcecode.c.h; path = DSLThing.h; sourceTree = "<group>"; };
		E0A718F31B6BBB9B004ACA90 /* DSLThing.m */ = {isa = PBXFileReference; fileEncoding = 4; lastKnownFileType = sourcecode.c.objc; path = DSLThing.m; sourceTree = "<group>"; };
		E0A718F51B6BBB9B004ACA90 /* DSLFirstToSecondTransition.h */ = {isa = PBXFileReference; fileEncoding = 4; lastKnownFileType = sourcecode.c.h; path = DSLFirstToSecondTransition.h; sourceTree = "<group>"; };
		E0A718F61B6BBB9B004ACA90 /* DSLFirstToSecondTransition.m */ = {isa = PBXFileReference; fileEncoding = 4; lastKnownFileType = sourcecode.c.objc; path = DSLFirstToSecondTransition.m; sourceTree = "<group>"; };
		E0A718F71B6BBB9B004ACA90 /* DSLSecondToFirstTransition.h */ = {isa = PBXFileReference; fileEncoding = 4; lastKnownFileType = sourcecode.c.h; path = DSLSecondToFirstTransition.h; sourceTree = "<group>"; };
		E0A718F81B6BBB9B004ACA90 /* DSLSecondToFirstTransition.m */ = {isa = PBXFileReference; fileEncoding = 4; lastKnownFileType = sourcecode.c.objc; path = DSLSecondToFirstTransition.m; sourceTree = "<group>"; };
		E0A718F91B6BBB9B004ACA90 /* DSLSecondToThirdTransition.h */ = {isa = PBXFileReference; fileEncoding = 4; lastKnownFileType = sourcecode.c.h; path = DSLSecondToThirdTransition.h; sourceTree = "<group>"; };
		E0A718FA1B6BBB9B004ACA90 /* DSLSecondToThirdTransition.m */ = {isa = PBXFileReference; fileEncoding = 4; lastKnownFileType = sourcecode.c.objc; path = DSLSecondToThirdTransition.m; sourceTree = "<group>"; };
		E0A718FB1B6BBB9B004ACA90 /* DSLThirdToSecondTransition.h */ = {isa = PBXFileReference; fileEncoding = 4; lastKnownFileType = sourcecode.c.h; path = DSLThirdToSecondTransition.h; sourceTree = "<group>"; };
		E0A718FC1B6BBB9B004ACA90 /* DSLThirdToSecondTransition.m */ = {isa = PBXFileReference; fileEncoding = 4; lastKnownFileType = sourcecode.c.objc; path = DSLThirdToSecondTransition.m; sourceTree = "<group>"; };
		E0A718FE1B6BBB9B004ACA90 /* DSLFirstViewController.h */ = {isa = PBXFileReference; fileEncoding = 4; lastKnownFileType = sourcecode.c.h; path = DSLFirstViewController.h; sourceTree = "<group>"; };
		E0A718FF1B6BBB9B004ACA90 /* DSLFirstViewController.m */ = {isa = PBXFileReference; fileEncoding = 4; lastKnownFileType = sourcecode.c.objc; path = DSLFirstViewController.m; sourceTree = "<group>"; };
		E0A719001B6BBB9B004ACA90 /* DSLSecondViewController.h */ = {isa = PBXFileReference; fileEncoding = 4; lastKnownFileType = sourcecode.c.h; path = DSLSecondViewController.h; sourceTree = "<group>"; };
		E0A719011B6BBB9B004ACA90 /* DSLSecondViewController.m */ = {isa = PBXFileReference; fileEncoding = 4; lastKnownFileType = sourcecode.c.objc; path = DSLSecondViewController.m; sourceTree = "<group>"; };
		E0A719021B6BBB9B004ACA90 /* DSLThirdViewController.h */ = {isa = PBXFileReference; fileEncoding = 4; lastKnownFileType = sourcecode.c.h; path = DSLThirdViewController.h; sourceTree = "<group>"; };
		E0A719031B6BBB9B004ACA90 /* DSLThirdViewController.m */ = {isa = PBXFileReference; fileEncoding = 4; lastKnownFileType = sourcecode.c.objc; path = DSLThirdViewController.m; sourceTree = "<group>"; };
		E0A719061B6BBB9B004ACA90 /* DSLThingCell.h */ = {isa = PBXFileReference; fileEncoding = 4; lastKnownFileType = sourcecode.c.h; path = DSLThingCell.h; sourceTree = "<group>"; };
		E0A719071B6BBB9B004ACA90 /* DSLThingCell.m */ = {isa = PBXFileReference; fileEncoding = 4; lastKnownFileType = sourcecode.c.objc; path = DSLThingCell.m; sourceTree = "<group>"; };
/* End PBXFileReference section */

/* Begin PBXFrameworksBuildPhase section */
		845A86281B6B60C400B45169 /* Frameworks */ = {
			isa = PBXFrameworksBuildPhase;
			buildActionMask = 2147483647;
			files = (
			);
			runOnlyForDeploymentPostprocessing = 0;
		};
/* End PBXFrameworksBuildPhase section */

/* Begin PBXGroup section */
		845A86221B6B60C400B45169 = {
			isa = PBXGroup;
			children = (
				845A862D1B6B60C400B45169 /* LittleSheepAnimation */,
				845A862C1B6B60C400B45169 /* Products */,
			);
			sourceTree = "<group>";
		};
		845A862C1B6B60C400B45169 /* Products */ = {
			isa = PBXGroup;
			children = (
				845A862B1B6B60C400B45169 /* LittleSheepAnimation.app */,
			);
			name = Products;
			sourceTree = "<group>";
		};
		845A862D1B6B60C400B45169 /* LittleSheepAnimation */ = {
			isa = PBXGroup;
			children = (
				E0A718F11B6BBB9B004ACA90 /* Models */,
				E0A718F41B6BBB9B004ACA90 /* Transitions */,
				E0A718FD1B6BBB9B004ACA90 /* ViewControllers */,
				E0A719041B6BBB9B004ACA90 /* Views */,
				845A86321B6B60C400B45169 /* AppDelegate.h */,
				845A86331B6B60C400B45169 /* AppDelegate.m */,
				845A863B1B6B60C400B45169 /* Main.storyboard */,
				845A863E1B6B60C400B45169 /* Images.xcassets */,
				845A86401B6B60C400B45169 /* LaunchScreen.xib */,
				845A862E1B6B60C400B45169 /* Supporting Files */,
			);
			path = LittleSheepAnimation;
			sourceTree = "<group>";
		};
		845A862E1B6B60C400B45169 /* Supporting Files */ = {
			isa = PBXGroup;
			children = (
				845A862F1B6B60C400B45169 /* Info.plist */,
				845A86301B6B60C400B45169 /* main.m */,
			);
			name = "Supporting Files";
			sourceTree = "<group>";
		};
		E0A718F11B6BBB9B004ACA90 /* Models */ = {
			isa = PBXGroup;
			children = (
				E0A718F21B6BBB9B004ACA90 /* DSLThing.h */,
				E0A718F31B6BBB9B004ACA90 /* DSLThing.m */,
			);
			path = Models;
			sourceTree = "<group>";
		};
		E0A718F41B6BBB9B004ACA90 /* Transitions */ = {
			isa = PBXGroup;
			children = (
				E0A718F51B6BBB9B004ACA90 /* DSLFirstToSecondTransition.h */,
				E0A718F61B6BBB9B004ACA90 /* DSLFirstToSecondTransition.m */,
				E0A718F71B6BBB9B004ACA90 /* DSLSecondToFirstTransition.h */,
				E0A718F81B6BBB9B004ACA90 /* DSLSecondToFirstTransition.m */,
				E0A718F91B6BBB9B004ACA90 /* DSLSecondToThirdTransition.h */,
				E0A718FA1B6BBB9B004ACA90 /* DSLSecondToThirdTransition.m */,
				E0A718FB1B6BBB9B004ACA90 /* DSLThirdToSecondTransition.h */,
				E0A718FC1B6BBB9B004ACA90 /* DSLThirdToSecondTransition.m */,
			);
			path = Transitions;
			sourceTree = "<group>";
		};
		E0A718FD1B6BBB9B004ACA90 /* ViewControllers */ = {
			isa = PBXGroup;
			children = (
				E0A718FE1B6BBB9B004ACA90 /* DSLFirstViewController.h */,
				E0A718FF1B6BBB9B004ACA90 /* DSLFirstViewController.m */,
				E0A719001B6BBB9B004ACA90 /* DSLSecondViewController.h */,
				E0A719011B6BBB9B004ACA90 /* DSLSecondViewController.m */,
				E0A719021B6BBB9B004ACA90 /* DSLThirdViewController.h */,
				E0A719031B6BBB9B004ACA90 /* DSLThirdViewController.m */,
			);
			path = ViewControllers;
			sourceTree = "<group>";
		};
		E0A719041B6BBB9B004ACA90 /* Views */ = {
			isa = PBXGroup;
			children = (
				E0A719051B6BBB9B004ACA90 /* Cells */,
			);
			path = Views;
			sourceTree = "<group>";
		};
		E0A719051B6BBB9B004ACA90 /* Cells */ = {
			isa = PBXGroup;
			children = (
				E0A719061B6BBB9B004ACA90 /* DSLThingCell.h */,
				E0A719071B6BBB9B004ACA90 /* DSLThingCell.m */,
			);
			path = Cells;
			sourceTree = "<group>";
		};
/* End PBXGroup section */

/* Begin PBXNativeTarget section */
		845A862A1B6B60C400B45169 /* LittleSheepAnimation */ = {
			isa = PBXNativeTarget;
			buildConfigurationList = 845A86511B6B60C400B45169 /* Build configuration list for PBXNativeTarget "LittleSheepAnimation" */;
			buildPhases = (
				845A86271B6B60C400B45169 /* Sources */,
				845A86281B6B60C400B45169 /* Frameworks */,
				845A86291B6B60C400B45169 /* Resources */,
			);
			buildRules = (
			);
			dependencies = (
			);
			name = LittleSheepAnimation;
			productName = LittleSheepAnimation;
			productReference = 845A862B1B6B60C400B45169 /* LittleSheepAnimation.app */;
			productType = "com.apple.product-type.application";
		};
/* End PBXNativeTarget section */

/* Begin PBXProject section */
		845A86231B6B60C400B45169 /* Project object */ = {
			isa = PBXProject;
			attributes = {
				LastUpgradeCheck = 0630;
				ORGANIZATIONNAME = SCU;
				TargetAttributes = {
					845A862A1B6B60C400B45169 = {
						CreatedOnToolsVersion = 6.3.1;
					};
				};
			};
			buildConfigurationList = 845A86261B6B60C400B45169 /* Build configuration list for PBXProject "LittleSheepAnimation" */;
			compatibilityVersion = "Xcode 3.2";
			developmentRegion = English;
			hasScannedForEncodings = 0;
			knownRegions = (
				en,
				Base,
			);
			mainGroup = 845A86221B6B60C400B45169;
			productRefGroup = 845A862C1B6B60C400B45169 /* Products */;
			projectDirPath = "";
			projectRoot = "";
			targets = (
				845A862A1B6B60C400B45169 /* LittleSheepAnimation */,
			);
		};
/* End PBXProject section */

/* Begin PBXResourcesBuildPhase section */
		845A86291B6B60C400B45169 /* Resources */ = {
			isa = PBXResourcesBuildPhase;
			buildActionMask = 2147483647;
			files = (
				845A863D1B6B60C400B45169 /* Main.storyboard in Resources */,
				845A86421B6B60C400B45169 /* LaunchScreen.xib in Resources */,
				845A863F1B6B60C400B45169 /* Images.xcassets in Resources */,
			);
			runOnlyForDeploymentPostprocessing = 0;
		};
/* End PBXResourcesBuildPhase section */

/* Begin PBXSourcesBuildPhase section */
		845A86271B6B60C400B45169 /* Sources */ = {
			isa = PBXSourcesBuildPhase;
			buildActionMask = 2147483647;
			files = (
				E0A7190A1B6BBB9B004ACA90 /* DSLSecondToFirstTransition.m in Sources */,
				E0A7190B1B6BBB9B004ACA90 /* DSLSecondToThirdTransition.m in Sources */,
				E0A7190F1B6BBB9B004ACA90 /* DSLThirdViewController.m in Sources */,
				E0A7190E1B6BBB9B004ACA90 /* DSLSecondViewController.m in Sources */,
				E0A7190C1B6BBB9B004ACA90 /* DSLThirdToSecondTransition.m in Sources */,
				E0A719091B6BBB9B004ACA90 /* DSLFirstToSecondTransition.m in Sources */,
				845A86341B6B60C400B45169 /* AppDelegate.m in Sources */,
				E0A7190D1B6BBB9B004ACA90 /* DSLFirstViewController.m in Sources */,
				E0A719101B6BBB9B004ACA90 /* DSLThingCell.m in Sources */,
				845A86311B6B60C400B45169 /* main.m in Sources */,
				E0A719081B6BBB9B004ACA90 /* DSLThing.m in Sources */,
			);
			runOnlyForDeploymentPostprocessing = 0;
		};
/* End PBXSourcesBuildPhase section */

/* Begin PBXVariantGroup section */
		845A863B1B6B60C400B45169 /* Main.storyboard */ = {
			isa = PBXVariantGroup;
			children = (
				845A863C1B6B60C400B45169 /* Base */,
			);
			name = Main.storyboard;
			sourceTree = "<group>";
		};
		845A86401B6B60C400B45169 /* LaunchScreen.xib */ = {
			isa = PBXVariantGroup;
			children = (
				845A86411B6B60C400B45169 /* Base */,
			);
			name = LaunchScreen.xib;
			sourceTree = "<group>";
		};
/* End PBXVariantGroup section */

/* Begin XCBuildConfiguration section */
		845A864F1B6B60C400B45169 /* Debug */ = {
			isa = XCBuildConfiguration;
			buildSettings = {
				ALWAYS_SEARCH_USER_PATHS = NO;
				CLANG_CXX_LANGUAGE_STANDARD = "gnu++0x";
				CLANG_CXX_LIBRARY = "libc++";
				CLANG_ENABLE_MODULES = YES;
				CLANG_ENABLE_OBJC_ARC = YES;
				CLANG_WARN_BOOL_CONVERSION = YES;
				CLANG_WARN_CONSTANT_CONVERSION = YES;
				CLANG_WARN_DIRECT_OBJC_ISA_USAGE = YES_ERROR;
				CLANG_WARN_EMPTY_BODY = YES;
				CLANG_WARN_ENUM_CONVERSION = YES;
				CLANG_WARN_INT_CONVERSION = YES;
				CLANG_WARN_OBJC_ROOT_CLASS = YES_ERROR;
				CLANG_WARN_UNREACHABLE_CODE = YES;
				CLANG_WARN__DUPLICATE_METHOD_MATCH = YES;
				"CODE_SIGN_IDENTITY[sdk=iphoneos*]" = "iPhone Developer";
				COPY_PHASE_STRIP = NO;
				DEBUG_INFORMATION_FORMAT = "dwarf-with-dsym";
				ENABLE_STRICT_OBJC_MSGSEND = YES;
				GCC_C_LANGUAGE_STANDARD = gnu99;
				GCC_DYNAMIC_NO_PIC = NO;
				GCC_NO_COMMON_BLOCKS = YES;
				GCC_OPTIMIZATION_LEVEL = 0;
				GCC_PREPROCESSOR_DEFINITIONS = (
					"DEBUG=1",
					"$(inherited)",
				);
				GCC_SYMBOLS_PRIVATE_EXTERN = NO;
				GCC_WARN_64_TO_32_BIT_CONVERSION = YES;
				GCC_WARN_ABOUT_RETURN_TYPE = YES_ERROR;
				GCC_WARN_UNDECLARED_SELECTOR = YES;
				GCC_WARN_UNINITIALIZED_AUTOS = YES_AGGRESSIVE;
				GCC_WARN_UNUSED_FUNCTION = YES;
				GCC_WARN_UNUSED_VARIABLE = YES;
				IPHONEOS_DEPLOYMENT_TARGET = 8.3;
				MTL_ENABLE_DEBUG_INFO = YES;
				ONLY_ACTIVE_ARCH = YES;
				SDKROOT = iphoneos;
			};
			name = Debug;
		};
		845A86501B6B60C400B45169 /* Release */ = {
			isa = XCBuildConfiguration;
			buildSettings = {
				ALWAYS_SEARCH_USER_PATHS = NO;
				CLANG_CXX_LANGUAGE_STANDARD = "gnu++0x";
				CLANG_CXX_LIBRARY = "libc++";
				CLANG_ENABLE_MODULES = YES;
				CLANG_ENABLE_OBJC_ARC = YES;
				CLANG_WARN_BOOL_CONVERSION = YES;
				CLANG_WARN_CONSTANT_CONVERSION = YES;
				CLANG_WARN_DIRECT_OBJC_ISA_USAGE = YES_ERROR;
				CLANG_WARN_EMPTY_BODY = YES;
				CLANG_WARN_ENUM_CONVERSION = YES;
				CLANG_WARN_INT_CONVERSION = YES;
				CLANG_WARN_OBJC_ROOT_CLASS = YES_ERROR;
				CLANG_WARN_UNREACHABLE_CODE = YES;
				CLANG_WARN__DUPLICATE_METHOD_MATCH = YES;
				"CODE_SIGN_IDENTITY[sdk=iphoneos*]" = "iPhone Developer";
				COPY_PHASE_STRIP = NO;
				DEBUG_INFORMATION_FORMAT = "dwarf-with-dsym";
				ENABLE_NS_ASSERTIONS = NO;
				ENABLE_STRICT_OBJC_MSGSEND = YES;
				GCC_C_LANGUAGE_STANDARD = gnu99;
				GCC_NO_COMMON_BLOCKS = YES;
				GCC_WARN_64_TO_32_BIT_CONVERSION = YES;
				GCC_WARN_ABOUT_RETURN_TYPE = YES_ERROR;
				GCC_WARN_UNDECLARED_SELECTOR = YES;
				GCC_WARN_UNINITIALIZED_AUTOS = YES_AGGRESSIVE;
				GCC_WARN_UNUSED_FUNCTION = YES;
				GCC_WARN_UNUSED_VARIABLE = YES;
				IPHONEOS_DEPLOYMENT_TARGET = 8.3;
				MTL_ENABLE_DEBUG_INFO = NO;
				SDKROOT = iphoneos;
				VALIDATE_PRODUCT = YES;
			};
			name = Release;
		};
		845A86521B6B60C400B45169 /* Debug */ = {
			isa = XCBuildConfiguration;
			buildSettings = {
				ASSETCATALOG_COMPILER_APPICON_NAME = AppIcon;
				INFOPLIST_FILE = LittleSheepAnimation/Info.plist;
				LD_RUNPATH_SEARCH_PATHS = "$(inherited) @executable_path/Frameworks";
				PRODUCT_NAME = "$(TARGET_NAME)";
			};
			name = Debug;
		};
		845A86531B6B60C400B45169 /* Release */ = {
			isa = XCBuildConfiguration;
			buildSettings = {
				ASSETCATALOG_COMPILER_APPICON_NAME = AppIcon;
				INFOPLIST_FILE = LittleSheepAnimation/Info.plist;
				LD_RUNPATH_SEARCH_PATHS = "$(inherited) @executable_path/Frameworks";
				PRODUCT_NAME = "$(TARGET_NAME)";
			};
			name = Release;
		};
/* End XCBuildConfiguration section */

/* Begin XCConfigurationList section */
		845A86261B6B60C400B45169 /* Build configuration list for PBXProject "LittleSheepAnimation" */ = {
			isa = XCConfigurationList;
			buildConfigurations = (
				845A864F1B6B60C400B45169 /* Debug */,
				845A86501B6B60C400B45169 /* Release */,
			);
			defaultConfigurationIsVisible = 0;
			defaultConfigurationName = Release;
		};
		845A86511B6B60C400B45169 /* Build configuration list for PBXNativeTarget "LittleSheepAnimation" */ = {
			isa = XCConfigurationList;
			buildConfigurations = (
				845A86521B6B60C400B45169 /* Debug */,
				845A86531B6B60C400B45169 /* Release */,
			);
			defaultConfigurationIsVisible = 0;
			defaultConfigurationName = Release;
		};
/* End XCConfigurationList section */
	};
	rootObject = 845A86231B6B60C400B45169 /* Project object */;
}
